
Microsoft Visual Studio Solution File, Format Version 12.00
# Visual Studio Version 16
VisualStudioVersion = 16.0.31829.152
MinimumVisualStudioVersion = 10.0.40219.1
Project("{8BC9CEB8-8B4A-11D0-8D11-00A0C91BC942}") = "WinCreate", "WinCreate\WinCreate.vcxproj", "{A5BA5482-48CD-4199-A224-DB3D80E6F179}"
EndProject
Project("{8BC9CEB8-8B4A-11D0-8D11-00A0C91BC942}") = "MFCMsg", "MFCMsg\MFCMsg.vcxproj", "{B9BB1328-B4E3-462D-B92F-B86DE7F29B52}"
EndProject
Global
	GlobalSection(SolutionConfigurationPlatforms) = preSolution
		Debug|x64 = Debug|x64
		Debug|x86 = Debug|x86
		Release|x64 = Release|x64
		Release|x86 = Release|x86
	EndGlobalSection
	GlobalSection(ProjectConfigurationPlatforms) = postSolution
		{A5BA5482-48CD-4199-A224-DB3D80E6F179}.Debug|x64.ActiveCfg = Debug|x64
		{A5BA5482-48CD-4199-A224-DB3D80E6F179}.Debug|x64.Build.0 = Debug|x64
		{A5BA5482-48CD-4199-A224-DB3D80E6F179}.Debug|x86.ActiveCfg = Debug|Win32
		{A5BA5482-48CD-4199-A224-DB3D80E6F179}.Debug|x86.Build.0 = Debug|Win32
		{A5BA5482-48CD-4199-A224-DB3D80E6F179}.Release|x64.ActiveCfg = Release|x64
		{A5BA5482-48CD-4199-A224-DB3D80E6F179}.Release|x64.Build.0 = Release|x64
		{A5BA5482-48CD-4199-A224-DB3D80E6F179}.Release|x86.ActiveCfg = Release|Win32
		{A5BA5482-48CD-4199-A224-DB3D80E6F179}.Release|x86.Build.0 = Release|Win32
		{B9BB1328-B4E3-462D-B92F-B86DE7F29B52}.Debug|x64.ActiveCfg = Debug|x64
		{B9BB1328-B4E3-462D-B92F-B86DE7F29B52}.Debug|x64.Build.0 = Debug|x64
		{B9BB1328-B4E3-462D-B92F-B86DE7F29B52}.Debug|x86.ActiveCfg = Debug|Win32
		{B9BB1328-B4E3-462D-B92F-B86DE7F29B52}.Debug|x86.Build.0 = Debug|Win32
		{B9BB1328-B4E3-462D-B92F-B86DE7F29B52}.Release|x64.ActiveCfg = Release|x64
		{B9BB1328-B4E3-462D-B92F-B86DE7F29B52}.Release|x64.Build.0 = Release|x64
		{B9BB1328-B4E3-462D-B92F-B86DE7F29B52}.Release|x86.ActiveCfg = Release|Win32
		{B9BB1328-B4E3-462D-B92F-B86DE7F29B52}.Release|x86.Build.0 = Release|Win32
	EndGlobalSection
	GlobalSection(SolutionProperties) = preSolution
		HideSolutionNode = FALSE
	EndGlobalSection
	GlobalSection(ExtensibilityGlobals) = postSolution
		SolutionGuid = {404383E9-A64D-4488-867E-BB0595FDA2A6}
	EndGlobalSection
EndGlobal
